// !$*UTF8*$!
{
	archiveVersion = 1;
	classes = {
	};
	objectVersion = 50;
	objects = {

/* Begin PBXBuildFile section */
		4721216624F86EEE00A5084A /* AppDelegate.swift in Sources */ = {isa = PBXBuildFile; fileRef = 4721216524F86EEE00A5084A /* AppDelegate.swift */; };
		4721216824F86EEE00A5084A /* SceneDelegate.swift in Sources */ = {isa = PBXBuildFile; fileRef = 4721216724F86EEE00A5084A /* SceneDelegate.swift */; };
		4721216A24F86EEE00A5084A /* ViewController.swift in Sources */ = {isa = PBXBuildFile; fileRef = 4721216924F86EEE00A5084A /* ViewController.swift */; };
		4721216D24F86EEE00A5084A /* Main.storyboard in Resources */ = {isa = PBXBuildFile; fileRef = 4721216B24F86EEE00A5084A /* Main.storyboard */; };
		4721216F24F86EF200A5084A /* Assets.xcassets in Resources */ = {isa = PBXBuildFile; fileRef = 4721216E24F86EF200A5084A /* Assets.xcassets */; };
		4721217224F86EF200A5084A /* LaunchScreen.storyboard in Resources */ = {isa = PBXBuildFile; fileRef = 4721217024F86EF200A5084A /* LaunchScreen.storyboard */; };
		4721217D24F86EF200A5084A /* PokeDexTests.swift in Sources */ = {isa = PBXBuildFile; fileRef = 4721217C24F86EF200A5084A /* PokeDexTests.swift */; };
		4721218824F86EF300A5084A /* PokeDexUITests.swift in Sources */ = {isa = PBXBuildFile; fileRef = 4721218724F86EF300A5084A /* PokeDexUITests.swift */; };
		4721219624F86F2700A5084A /* PokeFetch.swift in Sources */ = {isa = PBXBuildFile; fileRef = 4721219524F86F2700A5084A /* PokeFetch.swift */; };
		4721219824F86F9000A5084A /* EntryPoint.swift in Sources */ = {isa = PBXBuildFile; fileRef = 4721219724F86F9000A5084A /* EntryPoint.swift */; };
/* End PBXBuildFile section */

/* Begin PBXContainerItemProxy section */
		4721217924F86EF200A5084A /* PBXContainerItemProxy */ = {
			isa = PBXContainerItemProxy;
			containerPortal = 4721215A24F86EEE00A5084A /* Project object */;
			proxyType = 1;
			remoteGlobalIDString = 4721216124F86EEE00A5084A;
			remoteInfo = PokeDex;
		};
		4721218424F86EF200A5084A /* PBXContainerItemProxy */ = {
			isa = PBXContainerItemProxy;
			containerPortal = 4721215A24F86EEE00A5084A /* Project object */;
			proxyType = 1;
			remoteGlobalIDString = 4721216124F86EEE00A5084A;
			remoteInfo = PokeDex;
		};
/* End PBXContainerItemProxy section */

/* Begin PBXFileReference section */
		4721216224F86EEE00A5084A /* PokeDex.app */ = {isa = PBXFileReference; explicitFileType = wrapper.application; includeInIndex = 0; path = PokeDex.app; sourceTree = BUILT_PRODUCTS_DIR; };
		4721216524F86EEE00A5084A /* AppDelegate.swift */ = {isa = PBXFileReference; lastKnownFileType = sourcecode.swift; path = AppDelegate.swift; sourceTree = "<group>"; };
		4721216724F86EEE00A5084A /* SceneDelegate.swift */ = {isa = PBXFileReference; lastKnownFileType = sourcecode.swift; path = SceneDelegate.swift; sourceTree = "<group>"; };
		4721216924F86EEE00A5084A /* ViewController.swift */ = {isa = PBXFileReference; lastKnownFileType = sourcecode.swift; path = ViewController.swift; sourceTree = "<group>"; };
		4721216C24F86EEE00A5084A /* Base */ = {isa = PBXFileReference; lastKnownFileType = file.storyboard; name = Base; path = Base.lproj/Main.storyboard; sourceTree = "<group>"; };
		4721216E24F86EF200A5084A /* Assets.xcassets */ = {isa = PBXFileReference; lastKnownFileType = folder.assetcatalog; path = Assets.xcassets; sourceTree = "<group>"; };
		4721217124F86EF200A5084A /* Base */ = {isa = PBXFileReference; lastKnownFileType = file.storyboard; name = Base; path = Base.lproj/LaunchScreen.storyboard; sourceTree = "<group>"; };
		4721217324F86EF200A5084A /* Info.plist */ = {isa = PBXFileReference; lastKnownFileType = text.plist.xml; path = Info.plist; sourceTree = "<group>"; };
		4721217824F86EF200A5084A /* PokeDexTests.xctest */ = {isa = PBXFileReference; explicitFileType = wrapper.cfbundle; includeInIndex = 0; path = PokeDexTests.xctest; sourceTree = BUILT_PRODUCTS_DIR; };
		4721217C24F86EF200A5084A /* PokeDexTests.swift */ = {isa = PBXFileReference; lastKnownFileType = sourcecode.swift; path = PokeDexTests.swift; sourceTree = "<group>"; };
		4721217E24F86EF200A5084A /* Info.plist */ = {isa = PBXFileReference; lastKnownFileType = text.plist.xml; path = Info.plist; sourceTree = "<group>"; };
		4721218324F86EF200A5084A /* PokeDexUITests.xctest */ = {isa = PBXFileReference; explicitFileType = wrapper.cfbundle; includeInIndex = 0; path = PokeDexUITests.xctest; sourceTree = BUILT_PRODUCTS_DIR; };
		4721218724F86EF300A5084A /* PokeDexUITests.swift */ = {isa = PBXFileReference; lastKnownFileType = sourcecode.swift; path = PokeDexUITests.swift; sourceTree = "<group>"; };
		4721218924F86EF300A5084A /* Info.plist */ = {isa = PBXFileReference; lastKnownFileType = text.plist.xml; path = Info.plist; sourceTree = "<group>"; };
		4721219524F86F2700A5084A /* PokeFetch.swift */ = {isa = PBXFileReference; lastKnownFileType = sourcecode.swift; path = PokeFetch.swift; sourceTree = "<group>"; };
		4721219724F86F9000A5084A /* EntryPoint.swift */ = {isa = PBXFileReference; lastKnownFileType = sourcecode.swift; path = EntryPoint.swift; sourceTree = "<group>"; };
/* End PBXFileReference section */

/* Begin PBXFrameworksBuildPhase section */
		4721215F24F86EEE00A5084A /* Frameworks */ = {
			isa = PBXFrameworksBuildPhase;
			buildActionMask = 2147483647;
			files = (
			);
			runOnlyForDeploymentPostprocessing = 0;
		};
		4721217524F86EF200A5084A /* Frameworks */ = {
			isa = PBXFrameworksBuildPhase;
			buildActionMask = 2147483647;
			files = (
			);
			runOnlyForDeploymentPostprocessing = 0;
		};
		4721218024F86EF200A5084A /* Frameworks */ = {
			isa = PBXFrameworksBuildPhase;
			buildActionMask = 2147483647;
			files = (
			);
			runOnlyForDeploymentPostprocessing = 0;
		};
/* End PBXFrameworksBuildPhase section */

/* Begin PBXGroup section */
		4721215924F86EEE00A5084A = {
			isa = PBXGroup;
			children = (
				4721216424F86EEE00A5084A /* PokeDex */,
				4721217B24F86EF200A5084A /* PokeDexTests */,
				4721218624F86EF300A5084A /* PokeDexUITests */,
				4721216324F86EEE00A5084A /* Products */,
			);
			sourceTree = "<group>";
		};
		4721216324F86EEE00A5084A /* Products */ = {
			isa = PBXGroup;
			children = (
				4721216224F86EEE00A5084A /* PokeDex.app */,
				4721217824F86EF200A5084A /* PokeDexTests.xctest */,
				4721218324F86EF200A5084A /* PokeDexUITests.xctest */,
			);
			name = Products;
			sourceTree = "<group>";
		};
		4721216424F86EEE00A5084A /* PokeDex */ = {
			isa = PBXGroup;
			children = (
				4721216524F86EEE00A5084A /* AppDelegate.swift */,
				4721216724F86EEE00A5084A /* SceneDelegate.swift */,
				4721216924F86EEE00A5084A /* ViewController.swift */,
				4721219524F86F2700A5084A /* PokeFetch.swift */,
				4721219724F86F9000A5084A /* EntryPoint.swift */,
				4721216B24F86EEE00A5084A /* Main.storyboard */,
				4721216E24F86EF200A5084A /* Assets.xcassets */,
				4721217024F86EF200A5084A /* LaunchScreen.storyboard */,
				4721217324F86EF200A5084A /* Info.plist */,
			);
			path = PokeDex;
			sourceTree = "<group>";
		};
		4721217B24F86EF200A5084A /* PokeDexTests */ = {
			isa = PBXGroup;
			children = (
				4721217C24F86EF200A5084A /* PokeDexTests.swift */,
				4721217E24F86EF200A5084A /* Info.plist */,
			);
			path = PokeDexTests;
			sourceTree = "<group>";
		};
		4721218624F86EF300A5084A /* PokeDexUITests */ = {
			isa = PBXGroup;
			children = (
				4721218724F86EF300A5084A /* PokeDexUITests.swift */,
				4721218924F86EF300A5084A /* Info.plist */,
			);
			path = PokeDexUITests;
			sourceTree = "<group>";
		};
/* End PBXGroup section */

/* Begin PBXNativeTarget section */
		4721216124F86EEE00A5084A /* PokeDex */ = {
			isa = PBXNativeTarget;
			buildConfigurationList = 4721218C24F86EF300A5084A /* Build configuration list for PBXNativeTarget "PokeDex" */;
			buildPhases = (
				4721215E24F86EEE00A5084A /* Sources */,
				4721215F24F86EEE00A5084A /* Frameworks */,
				4721216024F86EEE00A5084A /* Resources */,
			);
			buildRules = (
			);
			dependencies = (
			);
			name = PokeDex;
			productName = PokeDex;
			productReference = 4721216224F86EEE00A5084A /* PokeDex.app */;
			productType = "com.apple.product-type.application";
		};
		4721217724F86EF200A5084A /* PokeDexTests */ = {
			isa = PBXNativeTarget;
			buildConfigurationList = 4721218F24F86EF300A5084A /* Build configuration list for PBXNativeTarget "PokeDexTests" */;
			buildPhases = (
				4721217424F86EF200A5084A /* Sources */,
				4721217524F86EF200A5084A /* Frameworks */,
				4721217624F86EF200A5084A /* Resources */,
			);
			buildRules = (
			);
			dependencies = (
				4721217A24F86EF200A5084A /* PBXTargetDependency */,
			);
			name = PokeDexTests;
			productName = PokeDexTests;
			productReference = 4721217824F86EF200A5084A /* PokeDexTests.xctest */;
			productType = "com.apple.product-type.bundle.unit-test";
		};
		4721218224F86EF200A5084A /* PokeDexUITests */ = {
			isa = PBXNativeTarget;
			buildConfigurationList = 4721219224F86EF300A5084A /* Build configuration list for PBXNativeTarget "PokeDexUITests" */;
			buildPhases = (
				4721217F24F86EF200A5084A /* Sources */,
				4721218024F86EF200A5084A /* Frameworks */,
				4721218124F86EF200A5084A /* Resources */,
			);
			buildRules = (
			);
			dependencies = (
				4721218524F86EF200A5084A /* PBXTargetDependency */,
			);
			name = PokeDexUITests;
			productName = PokeDexUITests;
			productReference = 4721218324F86EF200A5084A /* PokeDexUITests.xctest */;
			productType = "com.apple.product-type.bundle.ui-testing";
		};
/* End PBXNativeTarget section */

/* Begin PBXProject section */
		4721215A24F86EEE00A5084A /* Project object */ = {
			isa = PBXProject;
			attributes = {
				LastSwiftUpdateCheck = 1160;
				LastUpgradeCheck = 1160;
				ORGANIZATIONNAME = user179175;
				TargetAttributes = {
					4721216124F86EEE00A5084A = {
						CreatedOnToolsVersion = 11.6;
					};
					4721217724F86EF200A5084A = {
						CreatedOnToolsVersion = 11.6;
						TestTargetID = 4721216124F86EEE00A5084A;
					};
					4721218224F86EF200A5084A = {
						CreatedOnToolsVersion = 11.6;
						TestTargetID = 4721216124F86EEE00A5084A;
					};
				};
			};
			buildConfigurationList = 4721215D24F86EEE00A5084A /* Build configuration list for PBXProject "PokeDex" */;
			compatibilityVersion = "Xcode 9.3";
			developmentRegion = en;
			hasScannedForEncodings = 0;
			knownRegions = (
				en,
				Base,
			);
			mainGroup = 4721215924F86EEE00A5084A;
			productRefGroup = 4721216324F86EEE00A5084A /* Products */;
			projectDirPath = "";
			projectRoot = "";
			targets = (
				4721216124F86EEE00A5084A /* PokeDex */,
				4721217724F86EF200A5084A /* PokeDexTests */,
				4721218224F86EF200A5084A /* PokeDexUITests */,
			);
		};
/* End PBXProject section */

/* Begin PBXResourcesBuildPhase section */
		4721216024F86EEE00A5084A /* Resources */ = {
			isa = PBXResourcesBuildPhase;
			buildActionMask = 2147483647;
			files = (
				4721217224F86EF200A5084A /* LaunchScreen.storyboard in Resources */,
				4721216F24F86EF200A5084A /* Assets.xcassets in Resources */,
				4721216D24F86EEE00A5084A /* Main.storyboard in Resources */,
			);
			runOnlyForDeploymentPostprocessing = 0;
		};
		4721217624F86EF200A5084A /* Resources */ = {
			isa = PBXResourcesBuildPhase;
			buildActionMask = 2147483647;
			files = (
			);
			runOnlyForDeploymentPostprocessing = 0;
		};
		4721218124F86EF200A5084A /* Resources */ = {
			isa = PBXResourcesBuildPhase;
			buildActionMask = 2147483647;
			files = (
			);
			runOnlyForDeploymentPostprocessing = 0;
		};
/* End PBXResourcesBuildPhase section */

/* Begin PBXSourcesBuildPhase section */
		4721215E24F86EEE00A5084A /* Sources */ = {
			isa = PBXSourcesBuildPhase;
			buildActionMask = 2147483647;
			files = (
				4721216A24F86EEE00A5084A /* ViewController.swift in Sources */,
				4721219824F86F9000A5084A /* EntryPoint.swift in Sources */,
				4721216624F86EEE00A5084A /* AppDelegate.swift in Sources */,
				4721216824F86EEE00A5084A /* SceneDelegate.swift in Sources */,
				4721219624F86F2700A5084A /* PokeFetch.swift in Sources */,
			);
			runOnlyForDeploymentPostprocessing = 0;
		};
		4721217424F86EF200A5084A /* Sources */ = {
			isa = PBXSourcesBuildPhase;
			buildActionMask = 2147483647;
			files = (
				4721217D24F86EF200A5084A /* PokeDexTests.swift in Sources */,
			);
			runOnlyForDeploymentPostprocessing = 0;
		};
		4721217F24F86EF200A5084A /* Sources */ = {
			isa = PBXSourcesBuildPhase;
			buildActionMask = 2147483647;
			files = (
				4721218824F86EF300A5084A /* PokeDexUITests.swift in Sources */,
			);
			runOnlyForDeploymentPostprocessing = 0;
		};
/* End PBXSourcesBuildPhase section */

/* Begin PBXTargetDependency section */
		4721217A24F86EF200A5084A /* PBXTargetDependency */ = {
			isa = PBXTargetDependency;
			target = 4721216124F86EEE00A5084A /* PokeDex */;
			targetProxy = 4721217924F86EF200A5084A /* PBXContainerItemProxy */;
		};
		4721218524F86EF200A5084A /* PBXTargetDependency */ = {
			isa = PBXTargetDependency;
			target = 4721216124F86EEE00A5084A /* PokeDex */;
			targetProxy = 4721218424F86EF200A5084A /* PBXContainerItemProxy */;
		};
/* End PBXTargetDependency section */

/* Begin PBXVariantGroup section */
		4721216B24F86EEE00A5084A /* Main.storyboard */ = {
			isa = PBXVariantGroup;
			children = (
				4721216C24F86EEE00A5084A /* Base */,
			);
			name = Main.storyboard;
			sourceTree = "<group>";
		};
		4721217024F86EF200A5084A /* LaunchScreen.storyboard */ = {
			isa = PBXVariantGroup;
			children = (
				4721217124F86EF200A5084A /* Base */,
			);
			name = LaunchScreen.storyboard;
			sourceTree = "<group>";
		};
/* End PBXVariantGroup section */

/* Begin XCBuildConfiguration section */
		4721218A24F86EF300A5084A /* Debug */ = {
			isa = XCBuildConfiguration;
			buildSettings = {
				ALWAYS_SEARCH_USER_PATHS = NO;
				CLANG_ANALYZER_NONNULL = YES;
				CLANG_ANALYZER_NUMBER_OBJECT_CONVERSION = YES_AGGRESSIVE;
				CLANG_CXX_LANGUAGE_STANDARD = "gnu++14";
				CLANG_CXX_LIBRARY = "libc++";
				CLANG_ENABLE_MODULES = YES;
				CLANG_ENABLE_OBJC_ARC = YES;
				CLANG_ENABLE_OBJC_WEAK = YES;
				CLANG_WARN_BLOCK_CAPTURE_AUTORELEASING = YES;
				CLANG_WARN_BOOL_CONVERSION = YES;
				CLANG_WARN_COMMA = YES;
				CLANG_WARN_CONSTANT_CONVERSION = YES;
				CLANG_WARN_DEPRECATED_OBJC_IMPLEMENTATIONS = YES;
				CLANG_WARN_DIRECT_OBJC_ISA_USAGE = YES_ERROR;
				CLANG_WARN_DOCUMENTATION_COMMENTS = YES;
				CLANG_WARN_EMPTY_BODY = YES;
				CLANG_WARN_ENUM_CONVERSION = YES;
				CLANG_WARN_INFINITE_RECURSION = YES;
				CLANG_WARN_INT_CONVERSION = YES;
				CLANG_WARN_NON_LITERAL_NULL_CONVERSION = YES;
				CLANG_WARN_OBJC_IMPLICIT_RETAIN_SELF = YES;
				CLANG_WARN_OBJC_LITERAL_CONVERSION = YES;
				CLANG_WARN_OBJC_ROOT_CLASS = YES_ERROR;
				CLANG_WARN_RANGE_LOOP_ANALYSIS = YES;
				CLANG_WARN_STRICT_PROTOTYPES = YES;
				CLANG_WARN_SUSPICIOUS_MOVE = YES;
				CLANG_WARN_UNGUARDED_AVAILABILITY = YES_AGGRESSIVE;
				CLANG_WARN_UNREACHABLE_CODE = YES;
				CLANG_WARN__DUPLICATE_METHOD_MATCH = YES;
				COPY_PHASE_STRIP = NO;
				DEBUG_INFORMATION_FORMAT = dwarf;
				ENABLE_STRICT_OBJC_MSGSEND = YES;
				ENABLE_TESTABILITY = YES;
				GCC_C_LANGUAGE_STANDARD = gnu11;
				GCC_DYNAMIC_NO_PIC = NO;
				GCC_NO_COMMON_BLOCKS = YES;
				GCC_OPTIMIZATION_LEVEL = 0;
				GCC_PREPROCESSOR_DEFINITIONS = (
					"DEBUG=1",
					"$(inherited)",
				);
				GCC_WARN_64_TO_32_BIT_CONVERSION = YES;
				GCC_WARN_ABOUT_RETURN_TYPE = YES_ERROR;
				GCC_WARN_UNDECLARED_SELECTOR = YES;
				GCC_WARN_UNINITIALIZED_AUTOS = YES_AGGRESSIVE;
				GCC_WARN_UNUSED_FUNCTION = YES;
				GCC_WARN_UNUSED_VARIABLE = YES;
				IPHONEOS_DEPLOYMENT_TARGET = 13.6;
				MTL_ENABLE_DEBUG_INFO = INCLUDE_SOURCE;
				MTL_FAST_MATH = YES;
				ONLY_ACTIVE_ARCH = YES;
				SDKROOT = iphoneos;
				SWIFT_ACTIVE_COMPILATION_CONDITIONS = DEBUG;
				SWIFT_OPTIMIZATION_LEVEL = "-Onone";
			};
			name = Debug;
		};
		4721218B24F86EF300A5084A /* Release */ = {
			isa = XCBuildConfiguration;
			buildSettings = {
				ALWAYS_SEARCH_USER_PATHS = NO;
				CLANG_ANALYZER_NONNULL = YES;
				CLANG_ANALYZER_NUMBER_OBJECT_CONVERSION = YES_AGGRESSIVE;
				CLANG_CXX_LANGUAGE_STANDARD = "gnu++14";
				CLANG_CXX_LIBRARY = "libc++";
				CLANG_ENABLE_MODULES = YES;
				CLANG_ENABLE_OBJC_ARC = YES;
				CLANG_ENABLE_OBJC_WEAK = YES;
				CLANG_WARN_BLOCK_CAPTURE_AUTORELEASING = YES;
				CLANG_WARN_BOOL_CONVERSION = YES;
				CLANG_WARN_COMMA = YES;
				CLANG_WARN_CONSTANT_CONVERSION = YES;
				CLANG_WARN_DEPRECATED_OBJC_IMPLEMENTATIONS = YES;
				CLANG_WARN_DIRECT_OBJC_ISA_USAGE = YES_ERROR;
				CLANG_WARN_DOCUMENTATION_COMMENTS = YES;
				CLANG_WARN_EMPTY_BODY = YES;
				CLANG_WARN_ENUM_CONVERSION = YES;
				CLANG_WARN_INFINITE_RECURSION = YES;
				CLANG_WARN_INT_CONVERSION = YES;
				CLANG_WARN_NON_LITERAL_NULL_CONVERSION = YES;
				CLANG_WARN_OBJC_IMPLICIT_RETAIN_SELF = YES;
				CLANG_WARN_OBJC_LITERAL_CONVERSION = YES;
				CLANG_WARN_OBJC_ROOT_CLASS = YES_ERROR;
				CLANG_WARN_RANGE_LOOP_ANALYSIS = YES;
				CLANG_WARN_STRICT_PROTOTYPES = YES;
				CLANG_WARN_SUSPICIOUS_MOVE = YES;
				CLANG_WARN_UNGUARDED_AVAILABILITY = YES_AGGRESSIVE;
				CLANG_WARN_UNREACHABLE_CODE = YES;
				CLANG_WARN__DUPLICATE_METHOD_MATCH = YES;
				COPY_PHASE_STRIP = NO;
				DEBUG_INFORMATION_FORMAT = "dwarf-with-dsym";
				ENABLE_NS_ASSERTIONS = NO;
				ENABLE_STRICT_OBJC_MSGSEND = YES;
				GCC_C_LANGUAGE_STANDARD = gnu11;
				GCC_NO_COMMON_BLOCKS = YES;
				GCC_WARN_64_TO_32_BIT_CONVERSION = YES;
				GCC_WARN_ABOUT_RETURN_TYPE = YES_ERROR;
				GCC_WARN_UNDECLARED_SELECTOR = YES;
				GCC_WARN_UNINITIALIZED_AUTOS = YES_AGGRESSIVE;
				GCC_WARN_UNUSED_FUNCTION = YES;
				GCC_WARN_UNUSED_VARIABLE = YES;
				IPHONEOS_DEPLOYMENT_TARGET = 13.6;
				MTL_ENABLE_DEBUG_INFO = NO;
				MTL_FAST_MATH = YES;
				SDKROOT = iphoneos;
				SWIFT_COMPILATION_MODE = wholemodule;
				SWIFT_OPTIMIZATION_LEVEL = "-O";
				VALIDATE_PRODUCT = YES;
			};
			name = Release;
		};
		4721218D24F86EF300A5084A /* Debug */ = {
			isa = XCBuildConfiguration;
			buildSettings = {
				ASSETCATALOG_COMPILER_APPICON_NAME = AppIcon;
				CODE_SIGN_STYLE = Automatic;
				INFOPLIST_FILE = PokeDex/Info.plist;
				LD_RUNPATH_SEARCH_PATHS = (
					"$(inherited)",
					"@executable_path/Frameworks",
				);
				PRODUCT_BUNDLE_IDENTIFIER = Jayrt.PokeDex;
				PRODUCT_NAME = "$(TARGET_NAME)";
				SWIFT_VERSION = 5.0;
				TARGETED_DEVICE_FAMILY = "1,2";
			};
			name = Debug;
		};
		4721218E24F86EF300A5084A /* Release */ = {
			isa = XCBuildConfiguration;
			buildSettings = {
				ASSETCATALOG_COMPILER_APPICON_NAME = AppIcon;
				CODE_SIGN_STYLE = Automatic;
				INFOPLIST_FILE = PokeDex/Info.plist;
				LD_RUNPATH_SEARCH_PATHS = (
					"$(inherited)",
					"@executable_path/Frameworks",
				);
				PRODUCT_BUNDLE_IDENTIFIER = Jayrt.PokeDex;
				PRODUCT_NAME = "$(TARGET_NAME)";
				SWIFT_VERSION = 5.0;
				TARGETED_DEVICE_FAMILY = "1,2";
			};
			name = Release;
		};
		4721219024F86EF300A5084A /* Debug */ = {
			isa = XCBuildConfiguration;
			buildSettings = {
				ALWAYS_EMBED_SWIFT_STANDARD_LIBRARIES = YES;
				BUNDLE_LOADER = "$(TEST_HOST)";
				CODE_SIGN_STYLE = Automatic;
				INFOPLIST_FILE = PokeDexTests/Info.plist;
				IPHONEOS_DEPLOYMENT_TARGET = 13.6;
				LD_RUNPATH_SEARCH_PATHS = (
					"$(inherited)",
					"@executable_path/Frameworks",
					"@loader_path/Frameworks",
				);
				PRODUCT_BUNDLE_IDENTIFIER = Jayrt.PokeDexTests;
				PRODUCT_NAME = "$(TARGET_NAME)";
				SWIFT_VERSION = 5.0;
				TARGETED_DEVICE_FAMILY = "1,2";
				TEST_HOST = "$(BUILT_PRODUCTS_DIR)/PokeDex.app/PokeDex";
			};
			name = Debug;
		};
		4721219124F86EF300A5084A /* Release */ = {
			isa = XCBuildConfiguration;
			buildSettings = {
				ALWAYS_EMBED_SWIFT_STANDARD_LIBRARIES = YES;
				BUNDLE_LOADER = "$(TEST_HOST)";
				CODE_SIGN_STYLE = Automatic;
				INFOPLIST_FILE = PokeDexTests/Info.plist;
				IPHONEOS_DEPLOYMENT_TARGET = 13.6;
				LD_RUNPATH_SEARCH_PATHS = (
					"$(inherited)",
					"@executable_path/Frameworks",
					"@loader_path/Frameworks",
				);
				PRODUCT_BUNDLE_IDENTIFIER = Jayrt.PokeDexTests;
				PRODUCT_NAME = "$(TARGET_NAME)";
				SWIFT_VERSION = 5.0;
				TARGETED_DEVICE_FAMILY = "1,2";
				TEST_HOST = "$(BUILT_PRODUCTS_DIR)/PokeDex.app/PokeDex";
			};
			name = Release;
		};
		4721219324F86EF300A5084A /* Debug */ = {
			isa = XCBuildConfiguration;
			buildSettings = {
				ALWAYS_EMBED_SWIFT_STANDARD_LIBRARIES = YES;
				CODE_SIGN_STYLE = Automatic;
				INFOPLIST_FILE = PokeDexUITests/Info.plist;
				LD_RUNPATH_SEARCH_PATHS = (
					"$(inherited)",
					"@executable_path/Frameworks",
					"@loader_path/Frameworks",
				);
				PRODUCT_BUNDLE_IDENTIFIER = Jayrt.PokeDexUITests;
				PRODUCT_NAME = "$(TARGET_NAME)";
				SWIFT_VERSION = 5.0;
				TARGETED_DEVICE_FAMILY = "1,2";
				TEST_TARGET_NAME = PokeDex;
			};
			name = Debug;
		};
		4721219424F86EF300A5084A /* Release */ = {
			isa = XCBuildConfiguration;
			buildSettings = {
				ALWAYS_EMBED_SWIFT_STANDARD_LIBRARIES = YES;
				CODE_SIGN_STYLE = Automatic;
				INFOPLIST_FILE = PokeDexUITests/Info.plist;
				LD_RUNPATH_SEARCH_PATHS = (
					"$(inherited)",
					"@executable_path/Frameworks",
					"@loader_path/Frameworks",
				);
				PRODUCT_BUNDLE_IDENTIFIER = Jayrt.PokeDexUITests;
				PRODUCT_NAME = "$(TARGET_NAME)";
				SWIFT_VERSION = 5.0;
				TARGETED_DEVICE_FAMILY = "1,2";
				TEST_TARGET_NAME = PokeDex;
			};
			name = Release;
		};
/* End XCBuildConfiguration section */

/* Begin XCConfigurationList section */
		4721215D24F86EEE00A5084A /* Build configuration list for PBXProject "PokeDex" */ = {
			isa = XCConfigurationList;
			buildConfigurations = (
				4721218A24F86EF300A5084A /* Debug */,
				4721218B24F86EF300A5084A /* Release */,
			);
			defaultConfigurationIsVisible = 0;
			defaultConfigurationName = Release;
		};
		4721218C24F86EF300A5084A /* Build configuration list for PBXNativeTarget "PokeDex" */ = {
			isa = XCConfigurationList;
			buildConfigurations = (
				4721218D24F86EF300A5084A /* Debug */,
				4721218E24F86EF300A5084A /* Release */,
			);
			defaultConfigurationIsVisible = 0;
			defaultConfigurationName = Release;
		};
		4721218F24F86EF300A5084A /* Build configuration list for PBXNativeTarget "PokeDexTests" */ = {
			isa = XCConfigurationList;
			buildConfigurations = (
				4721219024F86EF300A5084A /* Debug */,
				4721219124F86EF300A5084A /* Release */,
			);
			defaultConfigurationIsVisible = 0;
			defaultConfigurationName = Release;
		};
		4721219224F86EF300A5084A /* Build configuration list for PBXNativeTarget "PokeDexUITests" */ = {
			isa = XCConfigurationList;
			buildConfigurations = (
				4721219324F86EF300A5084A /* Debug */,
				4721219424F86EF300A5084A /* Release */,
			);
			defaultConfigurationIsVisible = 0;
			defaultConfigurationName = Release;
		};
/* End XCConfigurationList section */
	};
	rootObject = 4721215A24F86EEE00A5084A /* Project object */;
}
